// !$*UTF8*$!
{
	archiveVersion = 1;
	classes = {
	};
	objectVersion = 46;
	objects = {

/* Begin PBXBuildFile section */
		6E5A84C0DFBBDAA5A5EE6CCC /* libPods.a in Frameworks */ = {isa = PBXBuildFile; fileRef = BE05E044DC55EC27A13A7AF8 /* libPods.a */; };
		C900E3DA1CE2D8750097D6F8 /* RXBaseResponse.m in Sources */ = {isa = PBXBuildFile; fileRef = C900E3D91CE2D8750097D6F8 /* RXBaseResponse.m */; };
		C93794791CE2F7AA0065F68C /* RXBatchRequestObject.m in Sources */ = {isa = PBXBuildFile; fileRef = C93794781CE2F7AA0065F68C /* RXBatchRequestObject.m */; };
		C96B0E611CEEB02700B01976 /* RXSimpleHttpManager.m in Sources */ = {isa = PBXBuildFile; fileRef = C96B0E601CEEB02700B01976 /* RXSimpleHttpManager.m */; };
		C96B0E651CEEB5CE00B01976 /* RTSimpleHttpManager.m in Sources */ = {isa = PBXBuildFile; fileRef = C96B0E641CEEB5CE00B01976 /* RTSimpleHttpManager.m */; };
		C9F53DF11CE1C7F100BF6E1F /* main.m in Sources */ = {isa = PBXBuildFile; fileRef = C9F53DF01CE1C7F100BF6E1F /* main.m */; };
		C9F53DF41CE1C7F100BF6E1F /* AppDelegate.m in Sources */ = {isa = PBXBuildFile; fileRef = C9F53DF31CE1C7F100BF6E1F /* AppDelegate.m */; };
		C9F53DFC1CE1C7F100BF6E1F /* Assets.xcassets in Resources */ = {isa = PBXBuildFile; fileRef = C9F53DFB1CE1C7F100BF6E1F /* Assets.xcassets */; };
		C9F53E091CE1C92400BF6E1F /* MainViewController.m in Sources */ = {isa = PBXBuildFile; fileRef = C9F53E071CE1C92400BF6E1F /* MainViewController.m */; };
		C9F53E0A1CE1C92400BF6E1F /* MainViewController.xib in Resources */ = {isa = PBXBuildFile; fileRef = C9F53E081CE1C92400BF6E1F /* MainViewController.xib */; };
		C9F53E131CE1CA7800BF6E1F /* RXBaseRequest.m in Sources */ = {isa = PBXBuildFile; fileRef = C9F53E121CE1CA7800BF6E1F /* RXBaseRequest.m */; };
		C9F53E161CE1CAA400BF6E1F /* RXNetworkingConfigManager.m in Sources */ = {isa = PBXBuildFile; fileRef = C9F53E151CE1CAA400BF6E1F /* RXNetworkingConfigManager.m */; };
		C9F53E1C1CE1D97E00BF6E1F /* RTExhibitionListRequest.m in Sources */ = {isa = PBXBuildFile; fileRef = C9F53E1B1CE1D97E00BF6E1F /* RTExhibitionListRequest.m */; };
		C9F53E1F1CE1DD1600BF6E1F /* RXAFNetworkingGlobal.m in Sources */ = {isa = PBXBuildFile; fileRef = C9F53E1E1CE1DD1600BF6E1F /* RXAFNetworkingGlobal.m */; };
		C9F53E271CE1E78B00BF6E1F /* RTBaseCityRequest.m in Sources */ = {isa = PBXBuildFile; fileRef = C9F53E261CE1E78B00BF6E1F /* RTBaseCityRequest.m */; };
		C9F53E2A1CE1E9BF00BF6E1F /* RXLoginRequest.m in Sources */ = {isa = PBXBuildFile; fileRef = C9F53E291CE1E9BF00BF6E1F /* RXLoginRequest.m */; };
/* End PBXBuildFile section */

/* Begin PBXFileReference section */
		37563F2A3724139D03098355 /* Pods.release.xcconfig */ = {isa = PBXFileReference; includeInIndex = 1; lastKnownFileType = text.xcconfig; name = Pods.release.xcconfig; path = "Pods/Target Support Files/Pods/Pods.release.xcconfig"; sourceTree = "<group>"; };
		499CA1ACBB690E02C842ECA6 /* Pods.debug.xcconfig */ = {isa = PBXFileReference; includeInIndex = 1; lastKnownFileType = text.xcconfig; name = Pods.debug.xcconfig; path = "Pods/Target Support Files/Pods/Pods.debug.xcconfig"; sourceTree = "<group>"; };
		BE05E044DC55EC27A13A7AF8 /* libPods.a */ = {isa = PBXFileReference; explicitFileType = archive.ar; includeInIndex = 0; path = libPods.a; sourceTree = BUILT_PRODUCTS_DIR; };
		C900E3D81CE2D8750097D6F8 /* RXBaseResponse.h */ = {isa = PBXFileReference; fileEncoding = 4; lastKnownFileType = sourcecode.c.h; path = RXBaseResponse.h; sourceTree = "<group>"; };
		C900E3D91CE2D8750097D6F8 /* RXBaseResponse.m */ = {isa = PBXFileReference; fileEncoding = 4; lastKnownFileType = sourcecode.c.objc; path = RXBaseResponse.m; sourceTree = "<group>"; };
		C93794771CE2F7AA0065F68C /* RXBatchRequestObject.h */ = {isa = PBXFileReference; fileEncoding = 4; lastKnownFileType = sourcecode.c.h; path = RXBatchRequestObject.h; sourceTree = "<group>"; };
		C93794781CE2F7AA0065F68C /* RXBatchRequestObject.m */ = {isa = PBXFileReference; fileEncoding = 4; lastKnownFileType = sourcecode.c.objc; path = RXBatchRequestObject.m; sourceTree = "<group>"; };
		C96B0E5F1CEEB02700B01976 /* RXSimpleHttpManager.h */ = {isa = PBXFileReference; fileEncoding = 4; lastKnownFileType = sourcecode.c.h; path = RXSimpleHttpManager.h; sourceTree = "<group>"; };
		C96B0E601CEEB02700B01976 /* RXSimpleHttpManager.m */ = {isa = PBXFileReference; fileEncoding = 4; lastKnownFileType = sourcecode.c.objc; path = RXSimpleHttpManager.m; sourceTree = "<group>"; };
		C96B0E631CEEB5CE00B01976 /* RTSimpleHttpManager.h */ = {isa = PBXFileReference; fileEncoding = 4; lastKnownFileType = sourcecode.c.h; path = RTSimpleHttpManager.h; sourceTree = "<group>"; };
		C96B0E641CEEB5CE00B01976 /* RTSimpleHttpManager.m */ = {isa = PBXFileReference; fileEncoding = 4; lastKnownFileType = sourcecode.c.objc; path = RTSimpleHttpManager.m; sourceTree = "<group>"; };
		C9F53DEC1CE1C7F100BF6E1F /* AFNetworking-RXExample.app */ = {isa = PBXFileReference; explicitFileType = wrapper.application; includeInIndex = 0; path = "AFNetworking-RXExample.app"; sourceTree = BUILT_PRODUCTS_DIR; };
		C9F53DF01CE1C7F100BF6E1F /* main.m */ = {isa = PBXFileReference; lastKnownFileType = sourcecode.c.objc; path = main.m; sourceTree = "<group>"; };
		C9F53DF21CE1C7F100BF6E1F /* AppDelegate.h */ = {isa = PBXFileReference; lastKnownFileType = sourcecode.c.h; path = AppDelegate.h; sourceTree = "<group>"; };
		C9F53DF31CE1C7F100BF6E1F /* AppDelegate.m */ = {isa = PBXFileReference; lastKnownFileType = sourcecode.c.objc; path = AppDelegate.m; sourceTree = "<group>"; };
		C9F53DFB1CE1C7F100BF6E1F /* Assets.xcassets */ = {isa = PBXFileReference; lastKnownFileType = folder.assetcatalog; path = Assets.xcassets; sourceTree = "<group>"; };
		C9F53E001CE1C7F100BF6E1F /* Info.plist */ = {isa = PBXFileReference; lastKnownFileType = text.plist.xml; path = Info.plist; sourceTree = "<group>"; };
		C9F53E061CE1C92400BF6E1F /* MainViewController.h */ = {isa = PBXFileReference; fileEncoding = 4; lastKnownFileType = sourcecode.c.h; path = MainViewController.h; sourceTree = "<group>"; };
		C9F53E071CE1C92400BF6E1F /* MainViewController.m */ = {isa = PBXFileReference; fileEncoding = 4; lastKnownFileType = sourcecode.c.objc; path = MainViewController.m; sourceTree = "<group>"; };
		C9F53E081CE1C92400BF6E1F /* MainViewController.xib */ = {isa = PBXFileReference; fileEncoding = 4; lastKnownFileType = file.xib; path = MainViewController.xib; sourceTree = "<group>"; };
		C9F53E111CE1CA7800BF6E1F /* RXBaseRequest.h */ = {isa = PBXFileReference; fileEncoding = 4; lastKnownFileType = sourcecode.c.h; path = RXBaseRequest.h; sourceTree = "<group>"; };
		C9F53E121CE1CA7800BF6E1F /* RXBaseRequest.m */ = {isa = PBXFileReference; fileEncoding = 4; lastKnownFileType = sourcecode.c.objc; path = RXBaseRequest.m; sourceTree = "<group>"; };
		C9F53E141CE1CAA400BF6E1F /* RXNetworkingConfigManager.h */ = {isa = PBXFileReference; fileEncoding = 4; lastKnownFileType = sourcecode.c.h; path = RXNetworkingConfigManager.h; sourceTree = "<group>"; };
		C9F53E151CE1CAA400BF6E1F /* RXNetworkingConfigManager.m */ = {isa = PBXFileReference; fileEncoding = 4; lastKnownFileType = sourcecode.c.objc; path = RXNetworkingConfigManager.m; sourceTree = "<group>"; };
		C9F53E171CE1CB7600BF6E1F /* AFNetworking-RXHeader.h */ = {isa = PBXFileReference; lastKnownFileType = sourcecode.c.h; path = "AFNetworking-RXHeader.h"; sourceTree = "<group>"; };
		C9F53E181CE1CCBE00BF6E1F /* AFNetworking-RXExample-Prefix.pch */ = {isa = PBXFileReference; fileEncoding = 4; lastKnownFileType = sourcecode.c.h; path = "AFNetworking-RXExample-Prefix.pch"; sourceTree = "<group>"; };
		C9F53E1A1CE1D97E00BF6E1F /* RTExhibitionListRequest.h */ = {isa = PBXFileReference; fileEncoding = 4; lastKnownFileType = sourcecode.c.h; path = RTExhibitionListRequest.h; sourceTree = "<group>"; };
		C9F53E1B1CE1D97E00BF6E1F /* RTExhibitionListRequest.m */ = {isa = PBXFileReference; fileEncoding = 4; lastKnownFileType = sourcecode.c.objc; path = RTExhibitionListRequest.m; sourceTree = "<group>"; };
		C9F53E1D1CE1DD1600BF6E1F /* RXAFNetworkingGlobal.h */ = {isa = PBXFileReference; fileEncoding = 4; lastKnownFileType = sourcecode.c.h; path = RXAFNetworkingGlobal.h; sourceTree = "<group>"; };
		C9F53E1E1CE1DD1600BF6E1F /* RXAFNetworkingGlobal.m */ = {isa = PBXFileReference; fileEncoding = 4; lastKnownFileType = sourcecode.c.objc; path = RXAFNetworkingGlobal.m; sourceTree = "<group>"; };
		C9F53E251CE1E78B00BF6E1F /* RTBaseCityRequest.h */ = {isa = PBXFileReference; fileEncoding = 4; lastKnownFileType = sourcecode.c.h; path = RTBaseCityRequest.h; sourceTree = "<group>"; };
		C9F53E261CE1E78B00BF6E1F /* RTBaseCityRequest.m */ = {isa = PBXFileReference; fileEncoding = 4; lastKnownFileType = sourcecode.c.objc; path = RTBaseCityRequest.m; sourceTree = "<group>"; };
		C9F53E281CE1E9BF00BF6E1F /* RXLoginRequest.h */ = {isa = PBXFileReference; fileEncoding = 4; lastKnownFileType = sourcecode.c.h; path = RXLoginRequest.h; sourceTree = "<group>"; };
		C9F53E291CE1E9BF00BF6E1F /* RXLoginRequest.m */ = {isa = PBXFileReference; fileEncoding = 4; lastKnownFileType = sourcecode.c.objc; path = RXLoginRequest.m; sourceTree = "<group>"; };
/* End PBXFileReference section */

/* Begin PBXFrameworksBuildPhase section */
		C9F53DE91CE1C7F100BF6E1F /* Frameworks */ = {
			isa = PBXFrameworksBuildPhase;
			buildActionMask = 2147483647;
			files = (
				6E5A84C0DFBBDAA5A5EE6CCC /* libPods.a in Frameworks */,
			);
			runOnlyForDeploymentPostprocessing = 0;
		};
/* End PBXFrameworksBuildPhase section */

/* Begin PBXGroup section */
		726EB246559935089409D1EC /* Pods */ = {
			isa = PBXGroup;
			children = (
				499CA1ACBB690E02C842ECA6 /* Pods.debug.xcconfig */,
				37563F2A3724139D03098355 /* Pods.release.xcconfig */,
			);
			name = Pods;
			sourceTree = "<group>";
		};
		94E46E9BFEC24390610C5EA2 /* Frameworks */ = {
			isa = PBXGroup;
			children = (
				BE05E044DC55EC27A13A7AF8 /* libPods.a */,
			);
			name = Frameworks;
			sourceTree = "<group>";
		};
		C900E3D71CE2D82C0097D6F8 /* Response */ = {
			isa = PBXGroup;
			children = (
				C900E3D81CE2D8750097D6F8 /* RXBaseResponse.h */,
				C900E3D91CE2D8750097D6F8 /* RXBaseResponse.m */,
			);
			path = Response;
			sourceTree = "<group>";
		};
		C96B0E621CEEB58300B01976 /* SimpleHttpManager */ = {
			isa = PBXGroup;
			children = (
				C96B0E631CEEB5CE00B01976 /* RTSimpleHttpManager.h */,
				C96B0E641CEEB5CE00B01976 /* RTSimpleHttpManager.m */,
			);
			path = SimpleHttpManager;
			sourceTree = "<group>";
		};
		C9F53DE31CE1C7F100BF6E1F = {
			isa = PBXGroup;
			children = (
				C9F53E0B1CE1CA0400BF6E1F /* AFNetworking-RX */,
				C9F53DEE1CE1C7F100BF6E1F /* AFNetworking-RXExample */,
				C9F53DED1CE1C7F100BF6E1F /* Products */,
				726EB246559935089409D1EC /* Pods */,
				94E46E9BFEC24390610C5EA2 /* Frameworks */,
			);
			sourceTree = "<group>";
		};
		C9F53DED1CE1C7F100BF6E1F /* Products */ = {
			isa = PBXGroup;
			children = (
				C9F53DEC1CE1C7F100BF6E1F /* AFNetworking-RXExample.app */,
			);
			name = Products;
			sourceTree = "<group>";
		};
		C9F53DEE1CE1C7F100BF6E1F /* AFNetworking-RXExample */ = {
			isa = PBXGroup;
			children = (
				C96B0E621CEEB58300B01976 /* SimpleHttpManager */,
				C9F53E191CE1D95600BF6E1F /* Request */,
				C9F53DF21CE1C7F100BF6E1F /* AppDelegate.h */,
				C9F53DF31CE1C7F100BF6E1F /* AppDelegate.m */,
				C9F53DFB1CE1C7F100BF6E1F /* Assets.xcassets */,
				C9F53E001CE1C7F100BF6E1F /* Info.plist */,
				C9F53DEF1CE1C7F100BF6E1F /* Supporting Files */,
				C9F53E061CE1C92400BF6E1F /* MainViewController.h */,
				C9F53E071CE1C92400BF6E1F /* MainViewController.m */,
				C9F53E081CE1C92400BF6E1F /* MainViewController.xib */,
			);
			path = "AFNetworking-RXExample";
			sourceTree = "<group>";
		};
		C9F53DEF1CE1C7F100BF6E1F /* Supporting Files */ = {
			isa = PBXGroup;
			children = (
				C9F53E181CE1CCBE00BF6E1F /* AFNetworking-RXExample-Prefix.pch */,
				C9F53DF01CE1C7F100BF6E1F /* main.m */,
			);
			name = "Supporting Files";
			sourceTree = "<group>";
		};
		C9F53E0B1CE1CA0400BF6E1F /* AFNetworking-RX */ = {
			isa = PBXGroup;
			children = (
				C9F53E171CE1CB7600BF6E1F /* AFNetworking-RXHeader.h */,
				C9F53E1D1CE1DD1600BF6E1F /* RXAFNetworkingGlobal.h */,
				C9F53E1E1CE1DD1600BF6E1F /* RXAFNetworkingGlobal.m */,
				C9F53E0F1CE1CA7800BF6E1F /* Manager */,
				C9F53E101CE1CA7800BF6E1F /* Request */,
				C900E3D71CE2D82C0097D6F8 /* Response */,
			);
			name = "AFNetworking-RX";
			path = "../AFNetworking-RX";
			sourceTree = "<group>";
		};
		C9F53E0F1CE1CA7800BF6E1F /* Manager */ = {
			isa = PBXGroup;
			children = (
				C9F53E141CE1CAA400BF6E1F /* RXNetworkingConfigManager.h */,
				C9F53E151CE1CAA400BF6E1F /* RXNetworkingConfigManager.m */,
				C96B0E5F1CEEB02700B01976 /* RXSimpleHttpManager.h */,
				C96B0E601CEEB02700B01976 /* RXSimpleHttpManager.m */,
			);
			path = Manager;
			sourceTree = "<group>";
		};
		C9F53E101CE1CA7800BF6E1F /* Request */ = {
			isa = PBXGroup;
			children = (
				C9F53E111CE1CA7800BF6E1F /* RXBaseRequest.h */,
				C9F53E121CE1CA7800BF6E1F /* RXBaseRequest.m */,
				C93794771CE2F7AA0065F68C /* RXBatchRequestObject.h */,
				C93794781CE2F7AA0065F68C /* RXBatchRequestObject.m */,
			);
			path = Request;
			sourceTree = "<group>";
		};
		C9F53E191CE1D95600BF6E1F /* Request */ = {
			isa = PBXGroup;
			children = (
				C9F53E1A1CE1D97E00BF6E1F /* RTExhibitionListRequest.h */,
				C9F53E1B1CE1D97E00BF6E1F /* RTExhibitionListRequest.m */,
				C9F53E251CE1E78B00BF6E1F /* RTBaseCityRequest.h */,
				C9F53E261CE1E78B00BF6E1F /* RTBaseCityRequest.m */,
				C9F53E281CE1E9BF00BF6E1F /* RXLoginRequest.h */,
				C9F53E291CE1E9BF00BF6E1F /* RXLoginRequest.m */,
			);
			path = Request;
			sourceTree = "<group>";
		};
/* End PBXGroup section */

/* Begin PBXNativeTarget section */
		C9F53DEB1CE1C7F100BF6E1F /* AFNetworking-RXExample */ = {
			isa = PBXNativeTarget;
			buildConfigurationList = C9F53E031CE1C7F100BF6E1F /* Build configuration list for PBXNativeTarget "AFNetworking-RXExample" */;
			buildPhases = (
				003392F8C622D51F1555BFC1 /* Check Pods Manifest.lock */,
				C9F53DE81CE1C7F100BF6E1F /* Sources */,
				C9F53DE91CE1C7F100BF6E1F /* Frameworks */,
				C9F53DEA1CE1C7F100BF6E1F /* Resources */,
				C36430B60D12A569E7119BE3 /* Embed Pods Frameworks */,
				097074C28ADE381252D12ABC /* Copy Pods Resources */,
			);
			buildRules = (
			);
			dependencies = (
			);
			name = "AFNetworking-RXExample";
			productName = "AFNetworking-RXExample";
			productReference = C9F53DEC1CE1C7F100BF6E1F /* AFNetworking-RXExample.app */;
			productType = "com.apple.product-type.application";
		};
/* End PBXNativeTarget section */

/* Begin PBXProject section */
		C9F53DE41CE1C7F100BF6E1F /* Project object */ = {
			isa = PBXProject;
			attributes = {
				LastUpgradeCheck = 0730;
				ORGANIZATIONNAME = Rush;
				TargetAttributes = {
					C9F53DEB1CE1C7F100BF6E1F = {
						CreatedOnToolsVersion = 7.3;
					};
				};
			};
			buildConfigurationList = C9F53DE71CE1C7F100BF6E1F /* Build configuration list for PBXProject "AFNetworking-RXExample" */;
			compatibilityVersion = "Xcode 3.2";
			developmentRegion = English;
			hasScannedForEncodings = 0;
			knownRegions = (
				en,
				Base,
			);
			mainGroup = C9F53DE31CE1C7F100BF6E1F;
			productRefGroup = C9F53DED1CE1C7F100BF6E1F /* Products */;
			projectDirPath = "";
			projectRoot = "";
			targets = (
				C9F53DEB1CE1C7F100BF6E1F /* AFNetworking-RXExample */,
			);
		};
/* End PBXProject section */

/* Begin PBXResourcesBuildPhase section */
		C9F53DEA1CE1C7F100BF6E1F /* Resources */ = {
			isa = PBXResourcesBuildPhase;
			buildActionMask = 2147483647;
			files = (
				C9F53DFC1CE1C7F100BF6E1F /* Assets.xcassets in Resources */,
				C9F53E0A1CE1C92400BF6E1F /* MainViewController.xib in Resources */,
			);
			runOnlyForDeploymentPostprocessing = 0;
		};
/* End PBXResourcesBuildPhase section */

/* Begin PBXShellScriptBuildPhase section */
		003392F8C622D51F1555BFC1 /* Check Pods Manifest.lock */ = {
			isa = PBXShellScriptBuildPhase;
			buildActionMask = 2147483647;
			files = (
			);
			inputPaths = (
			);
			name = "Check Pods Manifest.lock";
			outputPaths = (
			);
			runOnlyForDeploymentPostprocessing = 0;
			shellPath = /bin/sh;
			shellScript = "diff \"${PODS_ROOT}/../Podfile.lock\" \"${PODS_ROOT}/Manifest.lock\" > /dev/null\nif [[ $? != 0 ]] ; then\n    cat << EOM\nerror: The sandbox is not in sync with the Podfile.lock. Run 'pod install' or update your CocoaPods installation.\nEOM\n    exit 1\nfi\n";
			showEnvVarsInLog = 0;
		};
		097074C28ADE381252D12ABC /* Copy Pods Resources */ = {
			isa = PBXShellScriptBuildPhase;
			buildActionMask = 2147483647;
			files = (
			);
			inputPaths = (
			);
			name = "Copy Pods Resources";
			outputPaths = (
			);
			runOnlyForDeploymentPostprocessing = 0;
			shellPath = /bin/sh;
			shellScript = "\"${SRCROOT}/Pods/Target Support Files/Pods/Pods-resources.sh\"\n";
			showEnvVarsInLog = 0;
		};
		C36430B60D12A569E7119BE3 /* Embed Pods Frameworks */ = {
			isa = PBXShellScriptBuildPhase;
			buildActionMask = 2147483647;
			files = (
			);
			inputPaths = (
			);
			name = "Embed Pods Frameworks";
			outputPaths = (
			);
			runOnlyForDeploymentPostprocessing = 0;
			shellPath = /bin/sh;
			shellScript = "\"${SRCROOT}/Pods/Target Support Files/Pods/Pods-frameworks.sh\"\n";
			showEnvVarsInLog = 0;
		};
/* End PBXShellScriptBuildPhase section */

/* Begin PBXSourcesBuildPhase section */
		C9F53DE81CE1C7F100BF6E1F /* Sources */ = {
			isa = PBXSourcesBuildPhase;
			buildActionMask = 2147483647;
			files = (
				C9F53E1C1CE1D97E00BF6E1F /* RTExhibitionListRequest.m in Sources */,
				C900E3DA1CE2D8750097D6F8 /* RXBaseResponse.m in Sources */,
				C9F53E271CE1E78B00BF6E1F /* RTBaseCityRequest.m in Sources */,
				C93794791CE2F7AA0065F68C /* RXBatchRequestObject.m in Sources */,
				C9F53E131CE1CA7800BF6E1F /* RXBaseRequest.m in Sources */,
				C9F53E2A1CE1E9BF00BF6E1F /* RXLoginRequest.m in Sources */,
				C9F53DF41CE1C7F100BF6E1F /* AppDelegate.m in Sources */,
				C9F53E091CE1C92400BF6E1F /* MainViewController.m in Sources */,
				C9F53E161CE1CAA400BF6E1F /* RXNetworkingConfigManager.m in Sources */,
				C96B0E651CEEB5CE00B01976 /* RTSimpleHttpManager.m in Sources */,
				C9F53DF11CE1C7F100BF6E1F /* main.m in Sources */,
				C9F53E1F1CE1DD1600BF6E1F /* RXAFNetworkingGlobal.m in Sources */,
				C96B0E611CEEB02700B01976 /* RXSimpleHttpManager.m in Sources */,
			);
			runOnlyForDeploymentPostprocessing = 0;
		};
/* End PBXSourcesBuildPhase section */

/* Begin XCBuildConfiguration section */
		C9F53E011CE1C7F100BF6E1F /* Debug */ = {
			isa = XCBuildConfiguration;
			buildSettings = {
				ALWAYS_SEARCH_USER_PATHS = NO;
				CLANG_ANALYZER_NONNULL = YES;
				CLANG_CXX_LANGUAGE_STANDARD = "gnu++0x";
				CLANG_CXX_LIBRARY = "libc++";
				CLANG_ENABLE_MODULES = YES;
				CLANG_ENABLE_OBJC_ARC = YES;
				CLANG_WARN_BOOL_CONVERSION = YES;
				CLANG_WARN_CONSTANT_CONVERSION = YES;
				CLANG_WARN_DIRECT_OBJC_ISA_USAGE = YES_ERROR;
				CLANG_WARN_EMPTY_BODY = YES;
				CLANG_WARN_ENUM_CONVERSION = YES;
				CLANG_WARN_INT_CONVERSION = YES;
				CLANG_WARN_OBJC_ROOT_CLASS = YES_ERROR;
				CLANG_WARN_UNREACHABLE_CODE = YES;
				CLANG_WARN__DUPLICATE_METHOD_MATCH = YES;
				"CODE_SIGN_IDENTITY[sdk=iphoneos*]" = "iPhone Developer";
				COPY_PHASE_STRIP = NO;
				DEBUG_INFORMATION_FORMAT = dwarf;
				ENABLE_STRICT_OBJC_MSGSEND = YES;
				ENABLE_TESTABILITY = YES;
				GCC_C_LANGUAGE_STANDARD = gnu99;
				GCC_DYNAMIC_NO_PIC = NO;
				GCC_NO_COMMON_BLOCKS = YES;
				GCC_OPTIMIZATION_LEVEL = 0;
				GCC_PREPROCESSOR_DEFINITIONS = (
					"DEBUG=1",
					"$(inherited)",
				);
				GCC_WARN_64_TO_32_BIT_CONVERSION = YES;
				GCC_WARN_ABOUT_RETURN_TYPE = YES_ERROR;
				GCC_WARN_UNDECLARED_SELECTOR = YES;
				GCC_WARN_UNINITIALIZED_AUTOS = YES_AGGRESSIVE;
				GCC_WARN_UNUSED_FUNCTION = YES;
				GCC_WARN_UNUSED_VARIABLE = YES;
				IPHONEOS_DEPLOYMENT_TARGET = 9.3;
				MTL_ENABLE_DEBUG_INFO = YES;
				ONLY_ACTIVE_ARCH = YES;
				SDKROOT = iphoneos;
				TARGETED_DEVICE_FAMILY = "1,2";
			};
			name = Debug;
		};
		C9F53E021CE1C7F100BF6E1F /* Release */ = {
			isa = XCBuildConfiguration;
			buildSettings = {
				ALWAYS_SEARCH_USER_PATHS = NO;
				CLANG_ANALYZER_NONNULL = YES;
				CLANG_CXX_LANGUAGE_STANDARD = "gnu++0x";
				CLANG_CXX_LIBRARY = "libc++";
				CLANG_ENABLE_MODULES = YES;
				CLANG_ENABLE_OBJC_ARC = YES;
				CLANG_WARN_BOOL_CONVERSION = YES;
				CLANG_WARN_CONSTANT_CONVERSION = YES;
				CLANG_WARN_DIRECT_OBJC_ISA_USAGE = YES_ERROR;
				CLANG_WARN_EMPTY_BODY = YES;
				CLANG_WARN_ENUM_CONVERSION = YES;
				CLANG_WARN_INT_CONVERSION = YES;
				CLANG_WARN_OBJC_ROOT_CLASS = YES_ERROR;
				CLANG_WARN_UNREACHABLE_CODE = YES;
				CLANG_WARN__DUPLICATE_METHOD_MATCH = YES;
				"CODE_SIGN_IDENTITY[sdk=iphoneos*]" = "iPhone Developer";
				COPY_PHASE_STRIP = NO;
				DEBUG_INFORMATION_FORMAT = "dwarf-with-dsym";
				ENABLE_NS_ASSERTIONS = NO;
				ENABLE_STRICT_OBJC_MSGSEND = YES;
				GCC_C_LANGUAGE_STANDARD = gnu99;
				GCC_NO_COMMON_BLOCKS = YES;
				GCC_WARN_64_TO_32_BIT_CONVERSION = YES;
				GCC_WARN_ABOUT_RETURN_TYPE = YES_ERROR;
				GCC_WARN_UNDECLARED_SELECTOR = YES;
				GCC_WARN_UNINITIALIZED_AUTOS = YES_AGGRESSIVE;
				GCC_WARN_UNUSED_FUNCTION = YES;
				GCC_WARN_UNUSED_VARIABLE = YES;
				IPHONEOS_DEPLOYMENT_TARGET = 9.3;
				MTL_ENABLE_DEBUG_INFO = NO;
				SDKROOT = iphoneos;
				TARGETED_DEVICE_FAMILY = "1,2";
				VALIDATE_PRODUCT = YES;
			};
			name = Release;
		};
		C9F53E041CE1C7F100BF6E1F /* Debug */ = {
			isa = XCBuildConfiguration;
			baseConfigurationReference = 499CA1ACBB690E02C842ECA6 /* Pods.debug.xcconfig */;
			buildSettings = {
				ASSETCATALOG_COMPILER_APPICON_NAME = AppIcon;
				ASSETCATALOG_COMPILER_LAUNCHIMAGE_NAME = LaunchImage;
				GCC_PREFIX_HEADER = "AFNetworking-RXExample/AFNetworking-RXExample-Prefix.pch";
				INFOPLIST_FILE = "AFNetworking-RXExample/Info.plist";
				IPHONEOS_DEPLOYMENT_TARGET = 7.0;
				LD_RUNPATH_SEARCH_PATHS = "$(inherited) @executable_path/Frameworks";
				PRODUCT_BUNDLE_IDENTIFIER = "com.Rush.AFNetworking-RXExample";
				PRODUCT_NAME = "$(TARGET_NAME)";
				TARGETED_DEVICE_FAMILY = 1;
			};
			name = Debug;
		};
		C9F53E051CE1C7F100BF6E1F /* Release */ = {
			isa = XCBuildConfiguration;
			baseConfigurationReference = 37563F2A3724139D03098355 /* Pods.release.xcconfig */;
			buildSettings = {
				ASSETCATALOG_COMPILER_APPICON_NAME = AppIcon;
				ASSETCATALOG_COMPILER_LAUNCHIMAGE_NAME = LaunchImage;
				GCC_PREFIX_HEADER = "AFNetworking-RXExample/AFNetworking-RXExample-Prefix.pch";
				INFOPLIST_FILE = "AFNetworking-RXExample/Info.plist";
				IPHONEOS_DEPLOYMENT_TARGET = 7.0;
				LD_RUNPATH_SEARCH_PATHS = "$(inherited) @executable_path/Frameworks";
				PRODUCT_BUNDLE_IDENTIFIER = "com.Rush.AFNetworking-RXExample";
				PRODUCT_NAME = "$(TARGET_NAME)";
				TARGETED_DEVICE_FAMILY = 1;
			};
			name = Release;
		};
/* End XCBuildConfiguration section */

/* Begin XCConfigurationList section */
		C9F53DE71CE1C7F100BF6E1F /* Build configuration list for PBXProject "AFNetworking-RXExample" */ = {
			isa = XCConfigurationList;
			buildConfigurations = (
				C9F53E011CE1C7F100BF6E1F /* Debug */,
				C9F53E021CE1C7F100BF6E1F /* Release */,
			);
			defaultConfigurationIsVisible = 0;
			defaultConfigurationName = Release;
		};
		C9F53E031CE1C7F100BF6E1F /* Build configuration list for PBXNativeTarget "AFNetworking-RXExample" */ = {
			isa = XCConfigurationList;
			buildConfigurations = (
				C9F53E041CE1C7F100BF6E1F /* Debug */,
				C9F53E051CE1C7F100BF6E1F /* Release */,
			);
			defaultConfigurationIsVisible = 0;
			defaultConfigurationName = Release;
		};
/* End XCConfigurationList section */
	};
	rootObject = C9F53DE41CE1C7F100BF6E1F /* Project object */;
}
